
Microsoft Visual Studio Solution File, Format Version 12.00
# Visual Studio Version 16
VisualStudioVersion = 16.0.29613.14
MinimumVisualStudioVersion = 10.0.40219.1
Project("{FAE04EC0-301F-11D3-BF4B-00C04F79EFBC}") = "SupermercadoApi", "SupermercadoApi\SupermercadoApi.csproj", "{797DB320-E996-43F4-BFE2-F585C4ABD1F6}"
EndProject
Global
	GlobalSection(SolutionConfigurationPlatforms) = preSolution
		Debug|Any CPU = Debug|Any CPU
		Release|Any CPU = Release|Any CPU
	EndGlobalSection
	GlobalSection(ProjectConfigurationPlatforms) = postSolution
		{797DB320-E996-43F4-BFE2-F585C4ABD1F6}.Debug|Any CPU.ActiveCfg = Debug|Any CPU
		{797DB320-E996-43F4-BFE2-F585C4ABD1F6}.Debug|Any CPU.Build.0 = Debug|Any CPU
		{797DB320-E996-43F4-BFE2-F585C4ABD1F6}.Release|Any CPU.ActiveCfg = Release|Any CPU
		{797DB320-E996-43F4-BFE2-F585C4ABD1F6}.Release|Any CPU.Build.0 = Release|Any CPU
	EndGlobalSection
	GlobalSection(SolutionProperties) = preSolution
		HideSolutionNode = FALSE
	EndGlobalSection
	GlobalSection(ExtensibilityGlobals) = postSolution
		SolutionGuid = {09815F10-AD7F-4D3A-A0B8-4FD0731785A4}
	EndGlobalSection
EndGlobal
